
Microsoft Visual Studio Solution File, Format Version 12.00
# Visual Studio Version 17
VisualStudioVersion = 17.0.31903.59
MinimumVisualStudioVersion = 10.0.40219.1
Project("{2150E333-8FDC-42A3-9474-1A3956D46DE8}") = "src", "src", "{56555FB0-B513-49EF-9002-A5AF135EA090}"
EndProject
Project("{FAE04EC0-301F-11D3-BF4B-00C04F79EFBC}") = "AppsLab-001-StartHere", "src\AppsLab-001-StartHere\AppsLab-001-StartHere.csproj", "{57860CA2-0054-465E-BD1E-024FF8D81354}"
EndProject
Project("{2150E333-8FDC-42A3-9474-1A3956D46DE8}") = "tests", "tests", "{FC89E9B9-1723-4328-B6F1-00EE62E6260F}"
EndProject
Project("{FAE04EC0-301F-11D3-BF4B-00C04F79EFBC}") = "AppsLab-001-StartHere.Tests", "tests\AppsLab-001-StartHere.Tests\AppsLab-001-StartHere.Tests.csproj", "{FE64EA2A-841F-49D7-94C6-BB7E50FC972D}"
EndProject
Project("{FAE04EC0-301F-11D3-BF4B-00C04F79EFBC}") = "AppsLab-002-ConsoleWriteLine", "src\AppsLab-002-ConsoleWriteLine\AppsLab-002-ConsoleWriteLine.csproj", "{8CA6707B-A381-4131-909F-50D592953588}"
EndProject
Project("{FAE04EC0-301F-11D3-BF4B-00C04F79EFBC}") = "AppsLab-005-DataTypes", "src\AppsLab-005-DataTypes\AppsLab-005-DataTypes.csproj", "{AB306D1E-2942-4297-ACC3-2975FB8BF18F}"
EndProject
Project("{FAE04EC0-301F-11D3-BF4B-00C04F79EFBC}") = "AppsLab-006-Constants", "src\AppsLab-006-Constants\AppsLab-006-Constants.csproj", "{F1E80A4A-241C-496D-92D6-B047A0EAF030}"
EndProject
Project("{FAE04EC0-301F-11D3-BF4B-00C04F79EFBC}") = "AppsLab-007-Casting", "src\AppsLab-007-Casting\AppsLab-007-Casting.csproj", "{AEEAB66C-8B62-4844-A721-1FA49E82FDEB}"
EndProject
Project("{FAE04EC0-301F-11D3-BF4B-00C04F79EFBC}") = "AppsLab-007-Casting.Tests", "tests\AppsLab-007-Casting.Tests\AppsLab-007-Casting.Tests.csproj", "{5B78F61E-B52C-4920-BE97-42AADFAA726F}"
EndProject
Project("{FAE04EC0-301F-11D3-BF4B-00C04F79EFBC}") = "AppsLab-008-ConsoleReadLine", "src\AppsLab-008-ConsoleReadLine\AppsLab-008-ConsoleReadLine.csproj", "{5314C734-E722-4454-A772-D0F4641E1563}"
EndProject
Project("{FAE04EC0-301F-11D3-BF4B-00C04F79EFBC}") = "AppsLab-009-Operators", "src\AppsLab-009-Operators\AppsLab-009-Operators.csproj", "{B6030D54-19E2-40EF-8C93-17669CEC23E0}"
EndProject
Project("{FAE04EC0-301F-11D3-BF4B-00C04F79EFBC}") = "AppsLab-009-Operators.Tests", "tests\AppsLab-009-Operators.Tests\AppsLab-009-Operators.Tests.csproj", "{A6659FD2-5F11-432B-91B7-C64EAEAF669C}"
EndProject
Project("{FAE04EC0-301F-11D3-BF4B-00C04F79EFBC}") = "AppsLab-010-Math", "src\AppsLab-010-Math\AppsLab-010-Math.csproj", "{FD645D4C-9DC8-4603-A77B-8A4782F175F4}"
EndProject
Project("{FAE04EC0-301F-11D3-BF4B-00C04F79EFBC}") = "AppsLab-010-Math.Tests", "tests\AppsLab-010-Math.Tests\AppsLab-010-Math.Tests.csproj", "{A4527295-4BEE-4E42-8855-B0503A4515E4}"
EndProject
Project("{FAE04EC0-301F-11D3-BF4B-00C04F79EFBC}") = "AppsLab-011-Strings", "src\AppsLab-011-Strings\AppsLab-011-Strings.csproj", "{E90B0337-37CA-401C-997C-05DD11E08FEF}"
EndProject
Project("{FAE04EC0-301F-11D3-BF4B-00C04F79EFBC}") = "AppsLab-011-Strings.Tests", "tests\AppsLab-011-Strings.Tests\AppsLab-011-Strings.Tests.csproj", "{22097A4D-261D-4F21-8080-10B4DAAC9E01}"
EndProject
Project("{FAE04EC0-301F-11D3-BF4B-00C04F79EFBC}") = "AppsLab-012-Boolean", "src\AppsLab-012-Boolean\AppsLab-012-Boolean.csproj", "{EE7C6CDA-F919-4078-81DB-E4BA7F7DE34A}"
EndProject
Project("{FAE04EC0-301F-11D3-BF4B-00C04F79EFBC}") = "AppsLab-012-Boolean.Tests", "tests\AppsLab-012-Boolean.Tests\AppsLab-012-Boolean.Tests.csproj", "{E41ECA72-68B0-4B1B-8A47-39C0E5DA9B94}"
EndProject
Project("{FAE04EC0-301F-11D3-BF4B-00C04F79EFBC}") = "AppsLab-013-Conditions", "src\AppsLab-013-Conditions\AppsLab-013-Conditions.csproj", "{AD575FD0-3F7B-4CA3-B802-9430C0F61A42}"
EndProject
Project("{FAE04EC0-301F-11D3-BF4B-00C04F79EFBC}") = "AppsLab-013-Conditions.Tests", "tests\AppsLab-013-Conditions.Tests\AppsLab-013-Conditions.Tests.csproj", "{8B9BEF41-B5E2-4B56-AA43-F83249D4E639}"
EndProject
Project("{FAE04EC0-301F-11D3-BF4B-00C04F79EFBC}") = "AppsLab-014-Switch", "src\AppsLab-014-Switch\AppsLab-014-Switch.csproj", "{EBA30F52-B7DA-4B32-BE4F-6914145E2447}"
EndProject
Project("{FAE04EC0-301F-11D3-BF4B-00C04F79EFBC}") = "AppsLab-014-Switch.Tests", "tests\AppsLab-014-Switch.Tests\AppsLab-014-Switch.Tests.csproj", "{6A95C2D3-3B32-4612-A909-2F2AC223416E}"
EndProject
Project("{FAE04EC0-301F-11D3-BF4B-00C04F79EFBC}") = "AppsLab-015-Arrays", "src\AppsLab-015-Arrays\AppsLab-015-Arrays.csproj", "{DA216DFF-5EC8-4F02-9D0A-3D49212D6903}"
EndProject
Project("{FAE04EC0-301F-11D3-BF4B-00C04F79EFBC}") = "AppsLab-015-Arrays.Tests", "tests\AppsLab-015-Arrays.Tests\AppsLab-015-Arrays.Tests.csproj", "{2BBC2988-4C3C-45B7-9EA6-F47A23260F32}"
EndProject
Project("{FAE04EC0-301F-11D3-BF4B-00C04F79EFBC}") = "AppsLab-016-Loops", "src\AppsLab-016-Loops\AppsLab-016-Loops.csproj", "{2A373E5B-4048-4E70-99EE-2676D2DA9952}"
EndProject
Project("{FAE04EC0-301F-11D3-BF4B-00C04F79EFBC}") = "AppsLab-016-Loops.Tests", "tests\AppsLab-016-Loops.Tests\AppsLab-016-Loops.Tests.csproj", "{DB34DF8E-3B5B-44CC-9245-AD79F3198BD3}"
EndProject
Project("{FAE04EC0-301F-11D3-BF4B-00C04F79EFBC}") = "AppsLab-017-List", "src\AppsLab-017-List\AppsLab-017-List.csproj", "{CEAA82FA-127F-47C2-B25F-5588FB63F7D1}"
EndProject
Project("{FAE04EC0-301F-11D3-BF4B-00C04F79EFBC}") = "AppsLab-017-List.Tests", "tests\AppsLab-017-List.Tests\AppsLab-017-List.Tests.csproj", "{FCEEAC1F-D3CF-4C18-9CA3-2288B5DFAA14}"
EndProject
Project("{FAE04EC0-301F-11D3-BF4B-00C04F79EFBC}") = "AppsLab-018-Methods", "src\AppsLab-018-Methods\AppsLab-018-Methods.csproj", "{571B250E-E17D-4CD6-8778-52B838EB9DA0}"
EndProject
Project("{FAE04EC0-301F-11D3-BF4B-00C04F79EFBC}") = "AppsLab-018-Methods.Tests", "tests\AppsLab-018-Methods.Tests\AppsLab-018-Methods.Tests.csproj", "{526B06CA-4937-44F2-97FB-E85680DD7867}"
EndProject
Project("{FAE04EC0-301F-11D3-BF4B-00C04F79EFBC}") = "AppsLab-019-MethodsOverloading", "src\AppsLab-019-MethodsOverloading\AppsLab-019-MethodsOverloading.csproj", "{24D704DB-AB81-4F18-899C-910E8D45FC8B}"
EndProject
Project("{FAE04EC0-301F-11D3-BF4B-00C04F79EFBC}") = "AppsLab-019-MethodsOverloading.Tests", "tests\AppsLab-019-MethodsOverloading.Tests\AppsLab-019-MethodsOverloading.Tests.csproj", "{05E10AD6-94B3-4761-95E4-1F19E14F36D1}"
EndProject
Project("{FAE04EC0-301F-11D3-BF4B-00C04F79EFBC}") = "AppsLab-020-OOP", "src\AppsLab-020-OOP\AppsLab-020-OOP.csproj", "{8CB5085F-5996-490C-90EC-022AB4AD9CBC}"
EndProject
Global
	GlobalSection(SolutionProperties) = preSolution
		HideSolutionNode = FALSE
	EndGlobalSection
	GlobalSection(SolutionConfigurationPlatforms) = preSolution
		Debug|Any CPU = Debug|Any CPU
		Debug|x64 = Debug|x64
		Debug|x86 = Debug|x86
		Release|Any CPU = Release|Any CPU
		Release|x64 = Release|x64
		Release|x86 = Release|x86
	EndGlobalSection
	GlobalSection(ProjectConfigurationPlatforms) = postSolution
		{57860CA2-0054-465E-BD1E-024FF8D81354}.Debug|Any CPU.ActiveCfg = Debug|Any CPU
		{57860CA2-0054-465E-BD1E-024FF8D81354}.Debug|Any CPU.Build.0 = Debug|Any CPU
		{57860CA2-0054-465E-BD1E-024FF8D81354}.Debug|x64.ActiveCfg = Debug|Any CPU
		{57860CA2-0054-465E-BD1E-024FF8D81354}.Debug|x64.Build.0 = Debug|Any CPU
		{57860CA2-0054-465E-BD1E-024FF8D81354}.Debug|x86.ActiveCfg = Debug|Any CPU
		{57860CA2-0054-465E-BD1E-024FF8D81354}.Debug|x86.Build.0 = Debug|Any CPU
		{57860CA2-0054-465E-BD1E-024FF8D81354}.Release|Any CPU.ActiveCfg = Release|Any CPU
		{57860CA2-0054-465E-BD1E-024FF8D81354}.Release|Any CPU.Build.0 = Release|Any CPU
		{57860CA2-0054-465E-BD1E-024FF8D81354}.Release|x64.ActiveCfg = Release|Any CPU
		{57860CA2-0054-465E-BD1E-024FF8D81354}.Release|x64.Build.0 = Release|Any CPU
		{57860CA2-0054-465E-BD1E-024FF8D81354}.Release|x86.ActiveCfg = Release|Any CPU
		{57860CA2-0054-465E-BD1E-024FF8D81354}.Release|x86.Build.0 = Release|Any CPU
		{FE64EA2A-841F-49D7-94C6-BB7E50FC972D}.Debug|Any CPU.ActiveCfg = Debug|Any CPU
		{FE64EA2A-841F-49D7-94C6-BB7E50FC972D}.Debug|Any CPU.Build.0 = Debug|Any CPU
		{FE64EA2A-841F-49D7-94C6-BB7E50FC972D}.Debug|x64.ActiveCfg = Debug|Any CPU
		{FE64EA2A-841F-49D7-94C6-BB7E50FC972D}.Debug|x64.Build.0 = Debug|Any CPU
		{FE64EA2A-841F-49D7-94C6-BB7E50FC972D}.Debug|x86.ActiveCfg = Debug|Any CPU
		{FE64EA2A-841F-49D7-94C6-BB7E50FC972D}.Debug|x86.Build.0 = Debug|Any CPU
		{FE64EA2A-841F-49D7-94C6-BB7E50FC972D}.Release|Any CPU.ActiveCfg = Release|Any CPU
		{FE64EA2A-841F-49D7-94C6-BB7E50FC972D}.Release|Any CPU.Build.0 = Release|Any CPU
		{FE64EA2A-841F-49D7-94C6-BB7E50FC972D}.Release|x64.ActiveCfg = Release|Any CPU
		{FE64EA2A-841F-49D7-94C6-BB7E50FC972D}.Release|x64.Build.0 = Release|Any CPU
		{FE64EA2A-841F-49D7-94C6-BB7E50FC972D}.Release|x86.ActiveCfg = Release|Any CPU
		{FE64EA2A-841F-49D7-94C6-BB7E50FC972D}.Release|x86.Build.0 = Release|Any CPU
		{8CA6707B-A381-4131-909F-50D592953588}.Debug|Any CPU.ActiveCfg = Debug|Any CPU
		{8CA6707B-A381-4131-909F-50D592953588}.Debug|Any CPU.Build.0 = Debug|Any CPU
		{8CA6707B-A381-4131-909F-50D592953588}.Debug|x64.ActiveCfg = Debug|Any CPU
		{8CA6707B-A381-4131-909F-50D592953588}.Debug|x64.Build.0 = Debug|Any CPU
		{8CA6707B-A381-4131-909F-50D592953588}.Debug|x86.ActiveCfg = Debug|Any CPU
		{8CA6707B-A381-4131-909F-50D592953588}.Debug|x86.Build.0 = Debug|Any CPU
		{8CA6707B-A381-4131-909F-50D592953588}.Release|Any CPU.ActiveCfg = Release|Any CPU
		{8CA6707B-A381-4131-909F-50D592953588}.Release|Any CPU.Build.0 = Release|Any CPU
		{8CA6707B-A381-4131-909F-50D592953588}.Release|x64.ActiveCfg = Release|Any CPU
		{8CA6707B-A381-4131-909F-50D592953588}.Release|x64.Build.0 = Release|Any CPU
		{8CA6707B-A381-4131-909F-50D592953588}.Release|x86.ActiveCfg = Release|Any CPU
		{8CA6707B-A381-4131-909F-50D592953588}.Release|x86.Build.0 = Release|Any CPU
		{AB306D1E-2942-4297-ACC3-2975FB8BF18F}.Debug|Any CPU.ActiveCfg = Debug|Any CPU
		{AB306D1E-2942-4297-ACC3-2975FB8BF18F}.Debug|Any CPU.Build.0 = Debug|Any CPU
		{AB306D1E-2942-4297-ACC3-2975FB8BF18F}.Debug|x64.ActiveCfg = Debug|Any CPU
		{AB306D1E-2942-4297-ACC3-2975FB8BF18F}.Debug|x64.Build.0 = Debug|Any CPU
		{AB306D1E-2942-4297-ACC3-2975FB8BF18F}.Debug|x86.ActiveCfg = Debug|Any CPU
		{AB306D1E-2942-4297-ACC3-2975FB8BF18F}.Debug|x86.Build.0 = Debug|Any CPU
		{AB306D1E-2942-4297-ACC3-2975FB8BF18F}.Release|Any CPU.ActiveCfg = Release|Any CPU
		{AB306D1E-2942-4297-ACC3-2975FB8BF18F}.Release|Any CPU.Build.0 = Release|Any CPU
		{AB306D1E-2942-4297-ACC3-2975FB8BF18F}.Release|x64.ActiveCfg = Release|Any CPU
		{AB306D1E-2942-4297-ACC3-2975FB8BF18F}.Release|x64.Build.0 = Release|Any CPU
		{AB306D1E-2942-4297-ACC3-2975FB8BF18F}.Release|x86.ActiveCfg = Release|Any CPU
		{AB306D1E-2942-4297-ACC3-2975FB8BF18F}.Release|x86.Build.0 = Release|Any CPU
		{F1E80A4A-241C-496D-92D6-B047A0EAF030}.Debug|Any CPU.ActiveCfg = Debug|Any CPU
		{F1E80A4A-241C-496D-92D6-B047A0EAF030}.Debug|Any CPU.Build.0 = Debug|Any CPU
		{F1E80A4A-241C-496D-92D6-B047A0EAF030}.Debug|x64.ActiveCfg = Debug|Any CPU
		{F1E80A4A-241C-496D-92D6-B047A0EAF030}.Debug|x64.Build.0 = Debug|Any CPU
		{F1E80A4A-241C-496D-92D6-B047A0EAF030}.Debug|x86.ActiveCfg = Debug|Any CPU
		{F1E80A4A-241C-496D-92D6-B047A0EAF030}.Debug|x86.Build.0 = Debug|Any CPU
		{F1E80A4A-241C-496D-92D6-B047A0EAF030}.Release|Any CPU.ActiveCfg = Release|Any CPU
		{F1E80A4A-241C-496D-92D6-B047A0EAF030}.Release|Any CPU.Build.0 = Release|Any CPU
		{F1E80A4A-241C-496D-92D6-B047A0EAF030}.Release|x64.ActiveCfg = Release|Any CPU
		{F1E80A4A-241C-496D-92D6-B047A0EAF030}.Release|x64.Build.0 = Release|Any CPU
		{F1E80A4A-241C-496D-92D6-B047A0EAF030}.Release|x86.ActiveCfg = Release|Any CPU
		{F1E80A4A-241C-496D-92D6-B047A0EAF030}.Release|x86.Build.0 = Release|Any CPU
		{AEEAB66C-8B62-4844-A721-1FA49E82FDEB}.Debug|Any CPU.ActiveCfg = Debug|Any CPU
		{AEEAB66C-8B62-4844-A721-1FA49E82FDEB}.Debug|Any CPU.Build.0 = Debug|Any CPU
		{AEEAB66C-8B62-4844-A721-1FA49E82FDEB}.Debug|x64.ActiveCfg = Debug|Any CPU
		{AEEAB66C-8B62-4844-A721-1FA49E82FDEB}.Debug|x64.Build.0 = Debug|Any CPU
		{AEEAB66C-8B62-4844-A721-1FA49E82FDEB}.Debug|x86.ActiveCfg = Debug|Any CPU
		{AEEAB66C-8B62-4844-A721-1FA49E82FDEB}.Debug|x86.Build.0 = Debug|Any CPU
		{AEEAB66C-8B62-4844-A721-1FA49E82FDEB}.Release|Any CPU.ActiveCfg = Release|Any CPU
		{AEEAB66C-8B62-4844-A721-1FA49E82FDEB}.Release|Any CPU.Build.0 = Release|Any CPU
		{AEEAB66C-8B62-4844-A721-1FA49E82FDEB}.Release|x64.ActiveCfg = Release|Any CPU
		{AEEAB66C-8B62-4844-A721-1FA49E82FDEB}.Release|x64.Build.0 = Release|Any CPU
		{AEEAB66C-8B62-4844-A721-1FA49E82FDEB}.Release|x86.ActiveCfg = Release|Any CPU
		{AEEAB66C-8B62-4844-A721-1FA49E82FDEB}.Release|x86.Build.0 = Release|Any CPU
		{5B78F61E-B52C-4920-BE97-42AADFAA726F}.Debug|Any CPU.ActiveCfg = Debug|Any CPU
		{5B78F61E-B52C-4920-BE97-42AADFAA726F}.Debug|Any CPU.Build.0 = Debug|Any CPU
		{5B78F61E-B52C-4920-BE97-42AADFAA726F}.Debug|x64.ActiveCfg = Debug|Any CPU
		{5B78F61E-B52C-4920-BE97-42AADFAA726F}.Debug|x64.Build.0 = Debug|Any CPU
		{5B78F61E-B52C-4920-BE97-42AADFAA726F}.Debug|x86.ActiveCfg = Debug|Any CPU
		{5B78F61E-B52C-4920-BE97-42AADFAA726F}.Debug|x86.Build.0 = Debug|Any CPU
		{5B78F61E-B52C-4920-BE97-42AADFAA726F}.Release|Any CPU.ActiveCfg = Release|Any CPU
		{5B78F61E-B52C-4920-BE97-42AADFAA726F}.Release|Any CPU.Build.0 = Release|Any CPU
		{5B78F61E-B52C-4920-BE97-42AADFAA726F}.Release|x64.ActiveCfg = Release|Any CPU
		{5B78F61E-B52C-4920-BE97-42AADFAA726F}.Release|x64.Build.0 = Release|Any CPU
		{5B78F61E-B52C-4920-BE97-42AADFAA726F}.Release|x86.ActiveCfg = Release|Any CPU
		{5B78F61E-B52C-4920-BE97-42AADFAA726F}.Release|x86.Build.0 = Release|Any CPU
		{5314C734-E722-4454-A772-D0F4641E1563}.Debug|Any CPU.ActiveCfg = Debug|Any CPU
		{5314C734-E722-4454-A772-D0F4641E1563}.Debug|Any CPU.Build.0 = Debug|Any CPU
		{5314C734-E722-4454-A772-D0F4641E1563}.Debug|x64.ActiveCfg = Debug|Any CPU
		{5314C734-E722-4454-A772-D0F4641E1563}.Debug|x64.Build.0 = Debug|Any CPU
		{5314C734-E722-4454-A772-D0F4641E1563}.Debug|x86.ActiveCfg = Debug|Any CPU
		{5314C734-E722-4454-A772-D0F4641E1563}.Debug|x86.Build.0 = Debug|Any CPU
		{5314C734-E722-4454-A772-D0F4641E1563}.Release|Any CPU.ActiveCfg = Release|Any CPU
		{5314C734-E722-4454-A772-D0F4641E1563}.Release|Any CPU.Build.0 = Release|Any CPU
		{5314C734-E722-4454-A772-D0F4641E1563}.Release|x64.ActiveCfg = Release|Any CPU
		{5314C734-E722-4454-A772-D0F4641E1563}.Release|x64.Build.0 = Release|Any CPU
		{5314C734-E722-4454-A772-D0F4641E1563}.Release|x86.ActiveCfg = Release|Any CPU
		{5314C734-E722-4454-A772-D0F4641E1563}.Release|x86.Build.0 = Release|Any CPU
		{B6030D54-19E2-40EF-8C93-17669CEC23E0}.Debug|Any CPU.ActiveCfg = Debug|Any CPU
		{B6030D54-19E2-40EF-8C93-17669CEC23E0}.Debug|Any CPU.Build.0 = Debug|Any CPU
		{B6030D54-19E2-40EF-8C93-17669CEC23E0}.Debug|x64.ActiveCfg = Debug|Any CPU
		{B6030D54-19E2-40EF-8C93-17669CEC23E0}.Debug|x64.Build.0 = Debug|Any CPU
		{B6030D54-19E2-40EF-8C93-17669CEC23E0}.Debug|x86.ActiveCfg = Debug|Any CPU
		{B6030D54-19E2-40EF-8C93-17669CEC23E0}.Debug|x86.Build.0 = Debug|Any CPU
		{B6030D54-19E2-40EF-8C93-17669CEC23E0}.Release|Any CPU.ActiveCfg = Release|Any CPU
		{B6030D54-19E2-40EF-8C93-17669CEC23E0}.Release|Any CPU.Build.0 = Release|Any CPU
		{B6030D54-19E2-40EF-8C93-17669CEC23E0}.Release|x64.ActiveCfg = Release|Any CPU
		{B6030D54-19E2-40EF-8C93-17669CEC23E0}.Release|x64.Build.0 = Release|Any CPU
		{B6030D54-19E2-40EF-8C93-17669CEC23E0}.Release|x86.ActiveCfg = Release|Any CPU
		{B6030D54-19E2-40EF-8C93-17669CEC23E0}.Release|x86.Build.0 = Release|Any CPU
		{A6659FD2-5F11-432B-91B7-C64EAEAF669C}.Debug|Any CPU.ActiveCfg = Debug|Any CPU
		{A6659FD2-5F11-432B-91B7-C64EAEAF669C}.Debug|Any CPU.Build.0 = Debug|Any CPU
		{A6659FD2-5F11-432B-91B7-C64EAEAF669C}.Debug|x64.ActiveCfg = Debug|Any CPU
		{A6659FD2-5F11-432B-91B7-C64EAEAF669C}.Debug|x64.Build.0 = Debug|Any CPU
		{A6659FD2-5F11-432B-91B7-C64EAEAF669C}.Debug|x86.ActiveCfg = Debug|Any CPU
		{A6659FD2-5F11-432B-91B7-C64EAEAF669C}.Debug|x86.Build.0 = Debug|Any CPU
		{A6659FD2-5F11-432B-91B7-C64EAEAF669C}.Release|Any CPU.ActiveCfg = Release|Any CPU
		{A6659FD2-5F11-432B-91B7-C64EAEAF669C}.Release|Any CPU.Build.0 = Release|Any CPU
		{A6659FD2-5F11-432B-91B7-C64EAEAF669C}.Release|x64.ActiveCfg = Release|Any CPU
		{A6659FD2-5F11-432B-91B7-C64EAEAF669C}.Release|x64.Build.0 = Release|Any CPU
		{A6659FD2-5F11-432B-91B7-C64EAEAF669C}.Release|x86.ActiveCfg = Release|Any CPU
		{A6659FD2-5F11-432B-91B7-C64EAEAF669C}.Release|x86.Build.0 = Release|Any CPU
		{B141B973-9C0B-4512-B8B4-1237B596A8D2}.Debug|Any CPU.ActiveCfg = Debug|Any CPU
		{B141B973-9C0B-4512-B8B4-1237B596A8D2}.Debug|Any CPU.Build.0 = Debug|Any CPU
		{B141B973-9C0B-4512-B8B4-1237B596A8D2}.Debug|x64.ActiveCfg = Debug|Any CPU
		{B141B973-9C0B-4512-B8B4-1237B596A8D2}.Debug|x64.Build.0 = Debug|Any CPU
		{B141B973-9C0B-4512-B8B4-1237B596A8D2}.Debug|x86.ActiveCfg = Debug|Any CPU
		{B141B973-9C0B-4512-B8B4-1237B596A8D2}.Debug|x86.Build.0 = Debug|Any CPU
		{B141B973-9C0B-4512-B8B4-1237B596A8D2}.Release|Any CPU.ActiveCfg = Release|Any CPU
		{B141B973-9C0B-4512-B8B4-1237B596A8D2}.Release|Any CPU.Build.0 = Release|Any CPU
		{B141B973-9C0B-4512-B8B4-1237B596A8D2}.Release|x64.ActiveCfg = Release|Any CPU
		{B141B973-9C0B-4512-B8B4-1237B596A8D2}.Release|x64.Build.0 = Release|Any CPU
		{B141B973-9C0B-4512-B8B4-1237B596A8D2}.Release|x86.ActiveCfg = Release|Any CPU
		{B141B973-9C0B-4512-B8B4-1237B596A8D2}.Release|x86.Build.0 = Release|Any CPU
		{FD645D4C-9DC8-4603-A77B-8A4782F175F4}.Debug|Any CPU.ActiveCfg = Debug|Any CPU
		{FD645D4C-9DC8-4603-A77B-8A4782F175F4}.Debug|Any CPU.Build.0 = Debug|Any CPU
		{FD645D4C-9DC8-4603-A77B-8A4782F175F4}.Debug|x64.ActiveCfg = Debug|Any CPU
		{FD645D4C-9DC8-4603-A77B-8A4782F175F4}.Debug|x64.Build.0 = Debug|Any CPU
		{FD645D4C-9DC8-4603-A77B-8A4782F175F4}.Debug|x86.ActiveCfg = Debug|Any CPU
		{FD645D4C-9DC8-4603-A77B-8A4782F175F4}.Debug|x86.Build.0 = Debug|Any CPU
		{FD645D4C-9DC8-4603-A77B-8A4782F175F4}.Release|Any CPU.ActiveCfg = Release|Any CPU
		{FD645D4C-9DC8-4603-A77B-8A4782F175F4}.Release|Any CPU.Build.0 = Release|Any CPU
		{FD645D4C-9DC8-4603-A77B-8A4782F175F4}.Release|x64.ActiveCfg = Release|Any CPU
		{FD645D4C-9DC8-4603-A77B-8A4782F175F4}.Release|x64.Build.0 = Release|Any CPU
		{FD645D4C-9DC8-4603-A77B-8A4782F175F4}.Release|x86.ActiveCfg = Release|Any CPU
		{FD645D4C-9DC8-4603-A77B-8A4782F175F4}.Release|x86.Build.0 = Release|Any CPU
		{A4527295-4BEE-4E42-8855-B0503A4515E4}.Debug|Any CPU.ActiveCfg = Debug|Any CPU
		{A4527295-4BEE-4E42-8855-B0503A4515E4}.Debug|Any CPU.Build.0 = Debug|Any CPU
		{A4527295-4BEE-4E42-8855-B0503A4515E4}.Debug|x64.ActiveCfg = Debug|Any CPU
		{A4527295-4BEE-4E42-8855-B0503A4515E4}.Debug|x64.Build.0 = Debug|Any CPU
		{A4527295-4BEE-4E42-8855-B0503A4515E4}.Debug|x86.ActiveCfg = Debug|Any CPU
		{A4527295-4BEE-4E42-8855-B0503A4515E4}.Debug|x86.Build.0 = Debug|Any CPU
		{A4527295-4BEE-4E42-8855-B0503A4515E4}.Release|Any CPU.ActiveCfg = Release|Any CPU
		{A4527295-4BEE-4E42-8855-B0503A4515E4}.Release|Any CPU.Build.0 = Release|Any CPU
		{A4527295-4BEE-4E42-8855-B0503A4515E4}.Release|x64.ActiveCfg = Release|Any CPU
		{A4527295-4BEE-4E42-8855-B0503A4515E4}.Release|x64.Build.0 = Release|Any CPU
		{A4527295-4BEE-4E42-8855-B0503A4515E4}.Release|x86.ActiveCfg = Release|Any CPU
		{A4527295-4BEE-4E42-8855-B0503A4515E4}.Release|x86.Build.0 = Release|Any CPU
		{E90B0337-37CA-401C-997C-05DD11E08FEF}.Debug|Any CPU.ActiveCfg = Debug|Any CPU
		{E90B0337-37CA-401C-997C-05DD11E08FEF}.Debug|Any CPU.Build.0 = Debug|Any CPU
		{E90B0337-37CA-401C-997C-05DD11E08FEF}.Debug|x64.ActiveCfg = Debug|Any CPU
		{E90B0337-37CA-401C-997C-05DD11E08FEF}.Debug|x64.Build.0 = Debug|Any CPU
		{E90B0337-37CA-401C-997C-05DD11E08FEF}.Debug|x86.ActiveCfg = Debug|Any CPU
		{E90B0337-37CA-401C-997C-05DD11E08FEF}.Debug|x86.Build.0 = Debug|Any CPU
		{E90B0337-37CA-401C-997C-05DD11E08FEF}.Release|Any CPU.ActiveCfg = Release|Any CPU
		{E90B0337-37CA-401C-997C-05DD11E08FEF}.Release|Any CPU.Build.0 = Release|Any CPU
		{E90B0337-37CA-401C-997C-05DD11E08FEF}.Release|x64.ActiveCfg = Release|Any CPU
		{E90B0337-37CA-401C-997C-05DD11E08FEF}.Release|x64.Build.0 = Release|Any CPU
		{E90B0337-37CA-401C-997C-05DD11E08FEF}.Release|x86.ActiveCfg = Release|Any CPU
		{E90B0337-37CA-401C-997C-05DD11E08FEF}.Release|x86.Build.0 = Release|Any CPU
		{22097A4D-261D-4F21-8080-10B4DAAC9E01}.Debug|Any CPU.ActiveCfg = Debug|Any CPU
		{22097A4D-261D-4F21-8080-10B4DAAC9E01}.Debug|Any CPU.Build.0 = Debug|Any CPU
		{22097A4D-261D-4F21-8080-10B4DAAC9E01}.Debug|x64.ActiveCfg = Debug|Any CPU
		{22097A4D-261D-4F21-8080-10B4DAAC9E01}.Debug|x64.Build.0 = Debug|Any CPU
		{22097A4D-261D-4F21-8080-10B4DAAC9E01}.Debug|x86.ActiveCfg = Debug|Any CPU
		{22097A4D-261D-4F21-8080-10B4DAAC9E01}.Debug|x86.Build.0 = Debug|Any CPU
		{22097A4D-261D-4F21-8080-10B4DAAC9E01}.Release|Any CPU.ActiveCfg = Release|Any CPU
		{22097A4D-261D-4F21-8080-10B4DAAC9E01}.Release|Any CPU.Build.0 = Release|Any CPU
		{22097A4D-261D-4F21-8080-10B4DAAC9E01}.Release|x64.ActiveCfg = Release|Any CPU
		{22097A4D-261D-4F21-8080-10B4DAAC9E01}.Release|x64.Build.0 = Release|Any CPU
		{22097A4D-261D-4F21-8080-10B4DAAC9E01}.Release|x86.ActiveCfg = Release|Any CPU
		{22097A4D-261D-4F21-8080-10B4DAAC9E01}.Release|x86.Build.0 = Release|Any CPU
		{EE7C6CDA-F919-4078-81DB-E4BA7F7DE34A}.Debug|Any CPU.ActiveCfg = Debug|Any CPU
		{EE7C6CDA-F919-4078-81DB-E4BA7F7DE34A}.Debug|Any CPU.Build.0 = Debug|Any CPU
		{EE7C6CDA-F919-4078-81DB-E4BA7F7DE34A}.Debug|x64.ActiveCfg = Debug|Any CPU
		{EE7C6CDA-F919-4078-81DB-E4BA7F7DE34A}.Debug|x64.Build.0 = Debug|Any CPU
		{EE7C6CDA-F919-4078-81DB-E4BA7F7DE34A}.Debug|x86.ActiveCfg = Debug|Any CPU
		{EE7C6CDA-F919-4078-81DB-E4BA7F7DE34A}.Debug|x86.Build.0 = Debug|Any CPU
		{EE7C6CDA-F919-4078-81DB-E4BA7F7DE34A}.Release|Any CPU.ActiveCfg = Release|Any CPU
		{EE7C6CDA-F919-4078-81DB-E4BA7F7DE34A}.Release|Any CPU.Build.0 = Release|Any CPU
		{EE7C6CDA-F919-4078-81DB-E4BA7F7DE34A}.Release|x64.ActiveCfg = Release|Any CPU
		{EE7C6CDA-F919-4078-81DB-E4BA7F7DE34A}.Release|x64.Build.0 = Release|Any CPU
		{EE7C6CDA-F919-4078-81DB-E4BA7F7DE34A}.Release|x86.ActiveCfg = Release|Any CPU
		{EE7C6CDA-F919-4078-81DB-E4BA7F7DE34A}.Release|x86.Build.0 = Release|Any CPU
		{E41ECA72-68B0-4B1B-8A47-39C0E5DA9B94}.Debug|Any CPU.ActiveCfg = Debug|Any CPU
		{E41ECA72-68B0-4B1B-8A47-39C0E5DA9B94}.Debug|Any CPU.Build.0 = Debug|Any CPU
		{E41ECA72-68B0-4B1B-8A47-39C0E5DA9B94}.Debug|x64.ActiveCfg = Debug|Any CPU
		{E41ECA72-68B0-4B1B-8A47-39C0E5DA9B94}.Debug|x64.Build.0 = Debug|Any CPU
		{E41ECA72-68B0-4B1B-8A47-39C0E5DA9B94}.Debug|x86.ActiveCfg = Debug|Any CPU
		{E41ECA72-68B0-4B1B-8A47-39C0E5DA9B94}.Debug|x86.Build.0 = Debug|Any CPU
		{E41ECA72-68B0-4B1B-8A47-39C0E5DA9B94}.Release|Any CPU.ActiveCfg = Release|Any CPU
		{E41ECA72-68B0-4B1B-8A47-39C0E5DA9B94}.Release|Any CPU.Build.0 = Release|Any CPU
		{E41ECA72-68B0-4B1B-8A47-39C0E5DA9B94}.Release|x64.ActiveCfg = Release|Any CPU
		{E41ECA72-68B0-4B1B-8A47-39C0E5DA9B94}.Release|x64.Build.0 = Release|Any CPU
		{E41ECA72-68B0-4B1B-8A47-39C0E5DA9B94}.Release|x86.ActiveCfg = Release|Any CPU
		{E41ECA72-68B0-4B1B-8A47-39C0E5DA9B94}.Release|x86.Build.0 = Release|Any CPU
		{AD575FD0-3F7B-4CA3-B802-9430C0F61A42}.Debug|Any CPU.ActiveCfg = Debug|Any CPU
		{AD575FD0-3F7B-4CA3-B802-9430C0F61A42}.Debug|Any CPU.Build.0 = Debug|Any CPU
		{AD575FD0-3F7B-4CA3-B802-9430C0F61A42}.Debug|x64.ActiveCfg = Debug|Any CPU
		{AD575FD0-3F7B-4CA3-B802-9430C0F61A42}.Debug|x64.Build.0 = Debug|Any CPU
		{AD575FD0-3F7B-4CA3-B802-9430C0F61A42}.Debug|x86.ActiveCfg = Debug|Any CPU
		{AD575FD0-3F7B-4CA3-B802-9430C0F61A42}.Debug|x86.Build.0 = Debug|Any CPU
		{AD575FD0-3F7B-4CA3-B802-9430C0F61A42}.Release|Any CPU.ActiveCfg = Release|Any CPU
		{AD575FD0-3F7B-4CA3-B802-9430C0F61A42}.Release|Any CPU.Build.0 = Release|Any CPU
		{AD575FD0-3F7B-4CA3-B802-9430C0F61A42}.Release|x64.ActiveCfg = Release|Any CPU
		{AD575FD0-3F7B-4CA3-B802-9430C0F61A42}.Release|x64.Build.0 = Release|Any CPU
		{AD575FD0-3F7B-4CA3-B802-9430C0F61A42}.Release|x86.ActiveCfg = Release|Any CPU
		{AD575FD0-3F7B-4CA3-B802-9430C0F61A42}.Release|x86.Build.0 = Release|Any CPU
		{8B9BEF41-B5E2-4B56-AA43-F83249D4E639}.Debug|Any CPU.ActiveCfg = Debug|Any CPU
		{8B9BEF41-B5E2-4B56-AA43-F83249D4E639}.Debug|Any CPU.Build.0 = Debug|Any CPU
		{8B9BEF41-B5E2-4B56-AA43-F83249D4E639}.Debug|x64.ActiveCfg = Debug|Any CPU
		{8B9BEF41-B5E2-4B56-AA43-F83249D4E639}.Debug|x64.Build.0 = Debug|Any CPU
		{8B9BEF41-B5E2-4B56-AA43-F83249D4E639}.Debug|x86.ActiveCfg = Debug|Any CPU
		{8B9BEF41-B5E2-4B56-AA43-F83249D4E639}.Debug|x86.Build.0 = Debug|Any CPU
		{8B9BEF41-B5E2-4B56-AA43-F83249D4E639}.Release|Any CPU.ActiveCfg = Release|Any CPU
		{8B9BEF41-B5E2-4B56-AA43-F83249D4E639}.Release|Any CPU.Build.0 = Release|Any CPU
		{8B9BEF41-B5E2-4B56-AA43-F83249D4E639}.Release|x64.ActiveCfg = Release|Any CPU
		{8B9BEF41-B5E2-4B56-AA43-F83249D4E639}.Release|x64.Build.0 = Release|Any CPU
		{8B9BEF41-B5E2-4B56-AA43-F83249D4E639}.Release|x86.ActiveCfg = Release|Any CPU
		{8B9BEF41-B5E2-4B56-AA43-F83249D4E639}.Release|x86.Build.0 = Release|Any CPU
		{EBA30F52-B7DA-4B32-BE4F-6914145E2447}.Debug|Any CPU.ActiveCfg = Debug|Any CPU
		{EBA30F52-B7DA-4B32-BE4F-6914145E2447}.Debug|Any CPU.Build.0 = Debug|Any CPU
		{EBA30F52-B7DA-4B32-BE4F-6914145E2447}.Debug|x64.ActiveCfg = Debug|Any CPU
		{EBA30F52-B7DA-4B32-BE4F-6914145E2447}.Debug|x64.Build.0 = Debug|Any CPU
		{EBA30F52-B7DA-4B32-BE4F-6914145E2447}.Debug|x86.ActiveCfg = Debug|Any CPU
		{EBA30F52-B7DA-4B32-BE4F-6914145E2447}.Debug|x86.Build.0 = Debug|Any CPU
		{EBA30F52-B7DA-4B32-BE4F-6914145E2447}.Release|Any CPU.ActiveCfg = Release|Any CPU
		{EBA30F52-B7DA-4B32-BE4F-6914145E2447}.Release|Any CPU.Build.0 = Release|Any CPU
		{EBA30F52-B7DA-4B32-BE4F-6914145E2447}.Release|x64.ActiveCfg = Release|Any CPU
		{EBA30F52-B7DA-4B32-BE4F-6914145E2447}.Release|x64.Build.0 = Release|Any CPU
		{EBA30F52-B7DA-4B32-BE4F-6914145E2447}.Release|x86.ActiveCfg = Release|Any CPU
		{EBA30F52-B7DA-4B32-BE4F-6914145E2447}.Release|x86.Build.0 = Release|Any CPU
		{6A95C2D3-3B32-4612-A909-2F2AC223416E}.Debug|Any CPU.ActiveCfg = Debug|Any CPU
		{6A95C2D3-3B32-4612-A909-2F2AC223416E}.Debug|Any CPU.Build.0 = Debug|Any CPU
		{6A95C2D3-3B32-4612-A909-2F2AC223416E}.Debug|x64.ActiveCfg = Debug|Any CPU
		{6A95C2D3-3B32-4612-A909-2F2AC223416E}.Debug|x64.Build.0 = Debug|Any CPU
		{6A95C2D3-3B32-4612-A909-2F2AC223416E}.Debug|x86.ActiveCfg = Debug|Any CPU
		{6A95C2D3-3B32-4612-A909-2F2AC223416E}.Debug|x86.Build.0 = Debug|Any CPU
		{6A95C2D3-3B32-4612-A909-2F2AC223416E}.Release|Any CPU.ActiveCfg = Release|Any CPU
		{6A95C2D3-3B32-4612-A909-2F2AC223416E}.Release|Any CPU.Build.0 = Release|Any CPU
		{6A95C2D3-3B32-4612-A909-2F2AC223416E}.Release|x64.ActiveCfg = Release|Any CPU
		{6A95C2D3-3B32-4612-A909-2F2AC223416E}.Release|x64.Build.0 = Release|Any CPU
		{6A95C2D3-3B32-4612-A909-2F2AC223416E}.Release|x86.ActiveCfg = Release|Any CPU
		{6A95C2D3-3B32-4612-A909-2F2AC223416E}.Release|x86.Build.0 = Release|Any CPU
		{DA216DFF-5EC8-4F02-9D0A-3D49212D6903}.Debug|Any CPU.ActiveCfg = Debug|Any CPU
		{DA216DFF-5EC8-4F02-9D0A-3D49212D6903}.Debug|Any CPU.Build.0 = Debug|Any CPU
		{DA216DFF-5EC8-4F02-9D0A-3D49212D6903}.Debug|x64.ActiveCfg = Debug|Any CPU
		{DA216DFF-5EC8-4F02-9D0A-3D49212D6903}.Debug|x64.Build.0 = Debug|Any CPU
		{DA216DFF-5EC8-4F02-9D0A-3D49212D6903}.Debug|x86.ActiveCfg = Debug|Any CPU
		{DA216DFF-5EC8-4F02-9D0A-3D49212D6903}.Debug|x86.Build.0 = Debug|Any CPU
		{DA216DFF-5EC8-4F02-9D0A-3D49212D6903}.Release|Any CPU.ActiveCfg = Release|Any CPU
		{DA216DFF-5EC8-4F02-9D0A-3D49212D6903}.Release|Any CPU.Build.0 = Release|Any CPU
		{DA216DFF-5EC8-4F02-9D0A-3D49212D6903}.Release|x64.ActiveCfg = Release|Any CPU
		{DA216DFF-5EC8-4F02-9D0A-3D49212D6903}.Release|x64.Build.0 = Release|Any CPU
		{DA216DFF-5EC8-4F02-9D0A-3D49212D6903}.Release|x86.ActiveCfg = Release|Any CPU
		{DA216DFF-5EC8-4F02-9D0A-3D49212D6903}.Release|x86.Build.0 = Release|Any CPU
		{2BBC2988-4C3C-45B7-9EA6-F47A23260F32}.Debug|Any CPU.ActiveCfg = Debug|Any CPU
		{2BBC2988-4C3C-45B7-9EA6-F47A23260F32}.Debug|Any CPU.Build.0 = Debug|Any CPU
		{2BBC2988-4C3C-45B7-9EA6-F47A23260F32}.Debug|x64.ActiveCfg = Debug|Any CPU
		{2BBC2988-4C3C-45B7-9EA6-F47A23260F32}.Debug|x64.Build.0 = Debug|Any CPU
		{2BBC2988-4C3C-45B7-9EA6-F47A23260F32}.Debug|x86.ActiveCfg = Debug|Any CPU
		{2BBC2988-4C3C-45B7-9EA6-F47A23260F32}.Debug|x86.Build.0 = Debug|Any CPU
		{2BBC2988-4C3C-45B7-9EA6-F47A23260F32}.Release|Any CPU.ActiveCfg = Release|Any CPU
		{2BBC2988-4C3C-45B7-9EA6-F47A23260F32}.Release|Any CPU.Build.0 = Release|Any CPU
		{2BBC2988-4C3C-45B7-9EA6-F47A23260F32}.Release|x64.ActiveCfg = Release|Any CPU
		{2BBC2988-4C3C-45B7-9EA6-F47A23260F32}.Release|x64.Build.0 = Release|Any CPU
		{2BBC2988-4C3C-45B7-9EA6-F47A23260F32}.Release|x86.ActiveCfg = Release|Any CPU
		{2BBC2988-4C3C-45B7-9EA6-F47A23260F32}.Release|x86.Build.0 = Release|Any CPU
		{2A373E5B-4048-4E70-99EE-2676D2DA9952}.Debug|Any CPU.ActiveCfg = Debug|Any CPU
		{2A373E5B-4048-4E70-99EE-2676D2DA9952}.Debug|Any CPU.Build.0 = Debug|Any CPU
		{2A373E5B-4048-4E70-99EE-2676D2DA9952}.Debug|x64.ActiveCfg = Debug|Any CPU
		{2A373E5B-4048-4E70-99EE-2676D2DA9952}.Debug|x64.Build.0 = Debug|Any CPU
		{2A373E5B-4048-4E70-99EE-2676D2DA9952}.Debug|x86.ActiveCfg = Debug|Any CPU
		{2A373E5B-4048-4E70-99EE-2676D2DA9952}.Debug|x86.Build.0 = Debug|Any CPU
		{2A373E5B-4048-4E70-99EE-2676D2DA9952}.Release|Any CPU.ActiveCfg = Release|Any CPU
		{2A373E5B-4048-4E70-99EE-2676D2DA9952}.Release|Any CPU.Build.0 = Release|Any CPU
		{2A373E5B-4048-4E70-99EE-2676D2DA9952}.Release|x64.ActiveCfg = Release|Any CPU
		{2A373E5B-4048-4E70-99EE-2676D2DA9952}.Release|x64.Build.0 = Release|Any CPU
		{2A373E5B-4048-4E70-99EE-2676D2DA9952}.Release|x86.ActiveCfg = Release|Any CPU
		{2A373E5B-4048-4E70-99EE-2676D2DA9952}.Release|x86.Build.0 = Release|Any CPU
		{DB34DF8E-3B5B-44CC-9245-AD79F3198BD3}.Debug|Any CPU.ActiveCfg = Debug|Any CPU
		{DB34DF8E-3B5B-44CC-9245-AD79F3198BD3}.Debug|Any CPU.Build.0 = Debug|Any CPU
		{DB34DF8E-3B5B-44CC-9245-AD79F3198BD3}.Debug|x64.ActiveCfg = Debug|Any CPU
		{DB34DF8E-3B5B-44CC-9245-AD79F3198BD3}.Debug|x64.Build.0 = Debug|Any CPU
		{DB34DF8E-3B5B-44CC-9245-AD79F3198BD3}.Debug|x86.ActiveCfg = Debug|Any CPU
		{DB34DF8E-3B5B-44CC-9245-AD79F3198BD3}.Debug|x86.Build.0 = Debug|Any CPU
		{DB34DF8E-3B5B-44CC-9245-AD79F3198BD3}.Release|Any CPU.ActiveCfg = Release|Any CPU
		{DB34DF8E-3B5B-44CC-9245-AD79F3198BD3}.Release|Any CPU.Build.0 = Release|Any CPU
		{DB34DF8E-3B5B-44CC-9245-AD79F3198BD3}.Release|x64.ActiveCfg = Release|Any CPU
		{DB34DF8E-3B5B-44CC-9245-AD79F3198BD3}.Release|x64.Build.0 = Release|Any CPU
		{DB34DF8E-3B5B-44CC-9245-AD79F3198BD3}.Release|x86.ActiveCfg = Release|Any CPU
		{DB34DF8E-3B5B-44CC-9245-AD79F3198BD3}.Release|x86.Build.0 = Release|Any CPU
		{CEAA82FA-127F-47C2-B25F-5588FB63F7D1}.Debug|Any CPU.ActiveCfg = Debug|Any CPU
		{CEAA82FA-127F-47C2-B25F-5588FB63F7D1}.Debug|Any CPU.Build.0 = Debug|Any CPU
		{CEAA82FA-127F-47C2-B25F-5588FB63F7D1}.Debug|x64.ActiveCfg = Debug|Any CPU
		{CEAA82FA-127F-47C2-B25F-5588FB63F7D1}.Debug|x64.Build.0 = Debug|Any CPU
		{CEAA82FA-127F-47C2-B25F-5588FB63F7D1}.Debug|x86.ActiveCfg = Debug|Any CPU
		{CEAA82FA-127F-47C2-B25F-5588FB63F7D1}.Debug|x86.Build.0 = Debug|Any CPU
		{CEAA82FA-127F-47C2-B25F-5588FB63F7D1}.Release|Any CPU.ActiveCfg = Release|Any CPU
		{CEAA82FA-127F-47C2-B25F-5588FB63F7D1}.Release|Any CPU.Build.0 = Release|Any CPU
		{CEAA82FA-127F-47C2-B25F-5588FB63F7D1}.Release|x64.ActiveCfg = Release|Any CPU
		{CEAA82FA-127F-47C2-B25F-5588FB63F7D1}.Release|x64.Build.0 = Release|Any CPU
		{CEAA82FA-127F-47C2-B25F-5588FB63F7D1}.Release|x86.ActiveCfg = Release|Any CPU
		{CEAA82FA-127F-47C2-B25F-5588FB63F7D1}.Release|x86.Build.0 = Release|Any CPU
		{FCEEAC1F-D3CF-4C18-9CA3-2288B5DFAA14}.Debug|Any CPU.ActiveCfg = Debug|Any CPU
		{FCEEAC1F-D3CF-4C18-9CA3-2288B5DFAA14}.Debug|Any CPU.Build.0 = Debug|Any CPU
		{FCEEAC1F-D3CF-4C18-9CA3-2288B5DFAA14}.Debug|x64.ActiveCfg = Debug|Any CPU
		{FCEEAC1F-D3CF-4C18-9CA3-2288B5DFAA14}.Debug|x64.Build.0 = Debug|Any CPU
		{FCEEAC1F-D3CF-4C18-9CA3-2288B5DFAA14}.Debug|x86.ActiveCfg = Debug|Any CPU
		{FCEEAC1F-D3CF-4C18-9CA3-2288B5DFAA14}.Debug|x86.Build.0 = Debug|Any CPU
		{FCEEAC1F-D3CF-4C18-9CA3-2288B5DFAA14}.Release|Any CPU.ActiveCfg = Release|Any CPU
		{FCEEAC1F-D3CF-4C18-9CA3-2288B5DFAA14}.Release|Any CPU.Build.0 = Release|Any CPU
		{FCEEAC1F-D3CF-4C18-9CA3-2288B5DFAA14}.Release|x64.ActiveCfg = Release|Any CPU
		{FCEEAC1F-D3CF-4C18-9CA3-2288B5DFAA14}.Release|x64.Build.0 = Release|Any CPU
		{FCEEAC1F-D3CF-4C18-9CA3-2288B5DFAA14}.Release|x86.ActiveCfg = Release|Any CPU
		{FCEEAC1F-D3CF-4C18-9CA3-2288B5DFAA14}.Release|x86.Build.0 = Release|Any CPU
		{571B250E-E17D-4CD6-8778-52B838EB9DA0}.Debug|Any CPU.ActiveCfg = Debug|Any CPU
		{571B250E-E17D-4CD6-8778-52B838EB9DA0}.Debug|Any CPU.Build.0 = Debug|Any CPU
		{571B250E-E17D-4CD6-8778-52B838EB9DA0}.Debug|x64.ActiveCfg = Debug|Any CPU
		{571B250E-E17D-4CD6-8778-52B838EB9DA0}.Debug|x64.Build.0 = Debug|Any CPU
		{571B250E-E17D-4CD6-8778-52B838EB9DA0}.Debug|x86.ActiveCfg = Debug|Any CPU
		{571B250E-E17D-4CD6-8778-52B838EB9DA0}.Debug|x86.Build.0 = Debug|Any CPU
		{571B250E-E17D-4CD6-8778-52B838EB9DA0}.Release|Any CPU.ActiveCfg = Release|Any CPU
		{571B250E-E17D-4CD6-8778-52B838EB9DA0}.Release|Any CPU.Build.0 = Release|Any CPU
		{571B250E-E17D-4CD6-8778-52B838EB9DA0}.Release|x64.ActiveCfg = Release|Any CPU
		{571B250E-E17D-4CD6-8778-52B838EB9DA0}.Release|x64.Build.0 = Release|Any CPU
		{571B250E-E17D-4CD6-8778-52B838EB9DA0}.Release|x86.ActiveCfg = Release|Any CPU
		{571B250E-E17D-4CD6-8778-52B838EB9DA0}.Release|x86.Build.0 = Release|Any CPU
		{526B06CA-4937-44F2-97FB-E85680DD7867}.Debug|Any CPU.ActiveCfg = Debug|Any CPU
		{526B06CA-4937-44F2-97FB-E85680DD7867}.Debug|Any CPU.Build.0 = Debug|Any CPU
		{526B06CA-4937-44F2-97FB-E85680DD7867}.Debug|x64.ActiveCfg = Debug|Any CPU
		{526B06CA-4937-44F2-97FB-E85680DD7867}.Debug|x64.Build.0 = Debug|Any CPU
		{526B06CA-4937-44F2-97FB-E85680DD7867}.Debug|x86.ActiveCfg = Debug|Any CPU
		{526B06CA-4937-44F2-97FB-E85680DD7867}.Debug|x86.Build.0 = Debug|Any CPU
		{526B06CA-4937-44F2-97FB-E85680DD7867}.Release|Any CPU.ActiveCfg = Release|Any CPU
		{526B06CA-4937-44F2-97FB-E85680DD7867}.Release|Any CPU.Build.0 = Release|Any CPU
		{526B06CA-4937-44F2-97FB-E85680DD7867}.Release|x64.ActiveCfg = Release|Any CPU
		{526B06CA-4937-44F2-97FB-E85680DD7867}.Release|x64.Build.0 = Release|Any CPU
		{526B06CA-4937-44F2-97FB-E85680DD7867}.Release|x86.ActiveCfg = Release|Any CPU
		{526B06CA-4937-44F2-97FB-E85680DD7867}.Release|x86.Build.0 = Release|Any CPU
		{24D704DB-AB81-4F18-899C-910E8D45FC8B}.Debug|Any CPU.ActiveCfg = Debug|Any CPU
		{24D704DB-AB81-4F18-899C-910E8D45FC8B}.Debug|Any CPU.Build.0 = Debug|Any CPU
		{24D704DB-AB81-4F18-899C-910E8D45FC8B}.Debug|x64.ActiveCfg = Debug|Any CPU
		{24D704DB-AB81-4F18-899C-910E8D45FC8B}.Debug|x64.Build.0 = Debug|Any CPU
		{24D704DB-AB81-4F18-899C-910E8D45FC8B}.Debug|x86.ActiveCfg = Debug|Any CPU
		{24D704DB-AB81-4F18-899C-910E8D45FC8B}.Debug|x86.Build.0 = Debug|Any CPU
		{24D704DB-AB81-4F18-899C-910E8D45FC8B}.Release|Any CPU.ActiveCfg = Release|Any CPU
		{24D704DB-AB81-4F18-899C-910E8D45FC8B}.Release|Any CPU.Build.0 = Release|Any CPU
		{24D704DB-AB81-4F18-899C-910E8D45FC8B}.Release|x64.ActiveCfg = Release|Any CPU
		{24D704DB-AB81-4F18-899C-910E8D45FC8B}.Release|x64.Build.0 = Release|Any CPU
		{24D704DB-AB81-4F18-899C-910E8D45FC8B}.Release|x86.ActiveCfg = Release|Any CPU
		{24D704DB-AB81-4F18-899C-910E8D45FC8B}.Release|x86.Build.0 = Release|Any CPU
		{05E10AD6-94B3-4761-95E4-1F19E14F36D1}.Debug|Any CPU.ActiveCfg = Debug|Any CPU
		{05E10AD6-94B3-4761-95E4-1F19E14F36D1}.Debug|Any CPU.Build.0 = Debug|Any CPU
		{05E10AD6-94B3-4761-95E4-1F19E14F36D1}.Debug|x64.ActiveCfg = Debug|Any CPU
		{05E10AD6-94B3-4761-95E4-1F19E14F36D1}.Debug|x64.Build.0 = Debug|Any CPU
		{05E10AD6-94B3-4761-95E4-1F19E14F36D1}.Debug|x86.ActiveCfg = Debug|Any CPU
		{05E10AD6-94B3-4761-95E4-1F19E14F36D1}.Debug|x86.Build.0 = Debug|Any CPU
		{05E10AD6-94B3-4761-95E4-1F19E14F36D1}.Release|Any CPU.ActiveCfg = Release|Any CPU
		{05E10AD6-94B3-4761-95E4-1F19E14F36D1}.Release|Any CPU.Build.0 = Release|Any CPU
		{05E10AD6-94B3-4761-95E4-1F19E14F36D1}.Release|x64.ActiveCfg = Release|Any CPU
		{05E10AD6-94B3-4761-95E4-1F19E14F36D1}.Release|x64.Build.0 = Release|Any CPU
		{05E10AD6-94B3-4761-95E4-1F19E14F36D1}.Release|x86.ActiveCfg = Release|Any CPU
		{05E10AD6-94B3-4761-95E4-1F19E14F36D1}.Release|x86.Build.0 = Release|Any CPU
		{8CB5085F-5996-490C-90EC-022AB4AD9CBC}.Debug|Any CPU.ActiveCfg = Debug|Any CPU
		{8CB5085F-5996-490C-90EC-022AB4AD9CBC}.Debug|Any CPU.Build.0 = Debug|Any CPU
		{8CB5085F-5996-490C-90EC-022AB4AD9CBC}.Debug|x64.ActiveCfg = Debug|Any CPU
		{8CB5085F-5996-490C-90EC-022AB4AD9CBC}.Debug|x64.Build.0 = Debug|Any CPU
		{8CB5085F-5996-490C-90EC-022AB4AD9CBC}.Debug|x86.ActiveCfg = Debug|Any CPU
		{8CB5085F-5996-490C-90EC-022AB4AD9CBC}.Debug|x86.Build.0 = Debug|Any CPU
		{8CB5085F-5996-490C-90EC-022AB4AD9CBC}.Release|Any CPU.ActiveCfg = Release|Any CPU
		{8CB5085F-5996-490C-90EC-022AB4AD9CBC}.Release|Any CPU.Build.0 = Release|Any CPU
		{8CB5085F-5996-490C-90EC-022AB4AD9CBC}.Release|x64.ActiveCfg = Release|Any CPU
		{8CB5085F-5996-490C-90EC-022AB4AD9CBC}.Release|x64.Build.0 = Release|Any CPU
		{8CB5085F-5996-490C-90EC-022AB4AD9CBC}.Release|x86.ActiveCfg = Release|Any CPU
		{8CB5085F-5996-490C-90EC-022AB4AD9CBC}.Release|x86.Build.0 = Release|Any CPU
	EndGlobalSection
	GlobalSection(NestedProjects) = preSolution
		{57860CA2-0054-465E-BD1E-024FF8D81354} = {56555FB0-B513-49EF-9002-A5AF135EA090}
		{FE64EA2A-841F-49D7-94C6-BB7E50FC972D} = {FC89E9B9-1723-4328-B6F1-00EE62E6260F}
		{8CA6707B-A381-4131-909F-50D592953588} = {56555FB0-B513-49EF-9002-A5AF135EA090}
		{AB306D1E-2942-4297-ACC3-2975FB8BF18F} = {56555FB0-B513-49EF-9002-A5AF135EA090}
		{F1E80A4A-241C-496D-92D6-B047A0EAF030} = {56555FB0-B513-49EF-9002-A5AF135EA090}
		{AEEAB66C-8B62-4844-A721-1FA49E82FDEB} = {56555FB0-B513-49EF-9002-A5AF135EA090}
		{5B78F61E-B52C-4920-BE97-42AADFAA726F} = {FC89E9B9-1723-4328-B6F1-00EE62E6260F}
		{5314C734-E722-4454-A772-D0F4641E1563} = {56555FB0-B513-49EF-9002-A5AF135EA090}
		{B6030D54-19E2-40EF-8C93-17669CEC23E0} = {56555FB0-B513-49EF-9002-A5AF135EA090}
		{A6659FD2-5F11-432B-91B7-C64EAEAF669C} = {FC89E9B9-1723-4328-B6F1-00EE62E6260F}
		{FD645D4C-9DC8-4603-A77B-8A4782F175F4} = {56555FB0-B513-49EF-9002-A5AF135EA090}
		{A4527295-4BEE-4E42-8855-B0503A4515E4} = {FC89E9B9-1723-4328-B6F1-00EE62E6260F}
		{E90B0337-37CA-401C-997C-05DD11E08FEF} = {56555FB0-B513-49EF-9002-A5AF135EA090}
		{22097A4D-261D-4F21-8080-10B4DAAC9E01} = {FC89E9B9-1723-4328-B6F1-00EE62E6260F}
		{EE7C6CDA-F919-4078-81DB-E4BA7F7DE34A} = {56555FB0-B513-49EF-9002-A5AF135EA090}
		{E41ECA72-68B0-4B1B-8A47-39C0E5DA9B94} = {FC89E9B9-1723-4328-B6F1-00EE62E6260F}
		{AD575FD0-3F7B-4CA3-B802-9430C0F61A42} = {56555FB0-B513-49EF-9002-A5AF135EA090}
		{8B9BEF41-B5E2-4B56-AA43-F83249D4E639} = {FC89E9B9-1723-4328-B6F1-00EE62E6260F}
		{EBA30F52-B7DA-4B32-BE4F-6914145E2447} = {56555FB0-B513-49EF-9002-A5AF135EA090}
		{6A95C2D3-3B32-4612-A909-2F2AC223416E} = {FC89E9B9-1723-4328-B6F1-00EE62E6260F}
		{DA216DFF-5EC8-4F02-9D0A-3D49212D6903} = {56555FB0-B513-49EF-9002-A5AF135EA090}
		{2BBC2988-4C3C-45B7-9EA6-F47A23260F32} = {FC89E9B9-1723-4328-B6F1-00EE62E6260F}
		{2A373E5B-4048-4E70-99EE-2676D2DA9952} = {56555FB0-B513-49EF-9002-A5AF135EA090}
		{DB34DF8E-3B5B-44CC-9245-AD79F3198BD3} = {FC89E9B9-1723-4328-B6F1-00EE62E6260F}
		{CEAA82FA-127F-47C2-B25F-5588FB63F7D1} = {56555FB0-B513-49EF-9002-A5AF135EA090}
		{FCEEAC1F-D3CF-4C18-9CA3-2288B5DFAA14} = {FC89E9B9-1723-4328-B6F1-00EE62E6260F}
		{571B250E-E17D-4CD6-8778-52B838EB9DA0} = {56555FB0-B513-49EF-9002-A5AF135EA090}
		{526B06CA-4937-44F2-97FB-E85680DD7867} = {FC89E9B9-1723-4328-B6F1-00EE62E6260F}
		{24D704DB-AB81-4F18-899C-910E8D45FC8B} = {56555FB0-B513-49EF-9002-A5AF135EA090}
		{05E10AD6-94B3-4761-95E4-1F19E14F36D1} = {FC89E9B9-1723-4328-B6F1-00EE62E6260F}
		{8CB5085F-5996-490C-90EC-022AB4AD9CBC} = {56555FB0-B513-49EF-9002-A5AF135EA090}
	EndGlobalSection
EndGlobal
