
Microsoft Visual Studio Solution File, Format Version 12.00
# Visual Studio Version 17
VisualStudioVersion = 17.0.31903.59
MinimumVisualStudioVersion = 10.0.40219.1
Project("{2150E333-8FDC-42A3-9474-1A3956D46DE8}") = "src", "src", "{56555FB0-B513-49EF-9002-A5AF135EA090}"
EndProject
Project("{FAE04EC0-301F-11D3-BF4B-00C04F79EFBC}") = "AppsLab-001-StartHere", "src\AppsLab-001-StartHere\AppsLab-001-StartHere.csproj", "{57860CA2-0054-465E-BD1E-024FF8D81354}"
EndProject
Project("{2150E333-8FDC-42A3-9474-1A3956D46DE8}") = "tests", "tests", "{FC89E9B9-1723-4328-B6F1-00EE62E6260F}"
EndProject
Project("{FAE04EC0-301F-11D3-BF4B-00C04F79EFBC}") = "AppsLab-001-StartHere.Tests", "tests\AppsLab-001-StartHere.Tests\AppsLab-001-StartHere.Tests.csproj", "{FE64EA2A-841F-49D7-94C6-BB7E50FC972D}"
EndProject
Project("{FAE04EC0-301F-11D3-BF4B-00C04F79EFBC}") = "AppsLab-002-ConsoleWriteLine", "src\AppsLab-002-ConsoleWriteLine\AppsLab-002-ConsoleWriteLine.csproj", "{8CA6707B-A381-4131-909F-50D592953588}"
EndProject
Project("{FAE04EC0-301F-11D3-BF4B-00C04F79EFBC}") = "AppsLab-005-DataTypes", "src\AppsLab-005-DataTypes\AppsLab-005-DataTypes.csproj", "{AB306D1E-2942-4297-ACC3-2975FB8BF18F}"
EndProject
Project("{FAE04EC0-301F-11D3-BF4B-00C04F79EFBC}") = "AppsLab-006-Constants", "src\AppsLab-006-Constants\AppsLab-006-Constants.csproj", "{F1E80A4A-241C-496D-92D6-B047A0EAF030}"
EndProject
Global
	GlobalSection(SolutionProperties) = preSolution
		HideSolutionNode = FALSE
	EndGlobalSection
	GlobalSection(SolutionConfigurationPlatforms) = preSolution
		Debug|Any CPU = Debug|Any CPU
		Debug|x64 = Debug|x64
		Debug|x86 = Debug|x86
		Release|Any CPU = Release|Any CPU
		Release|x64 = Release|x64
		Release|x86 = Release|x86
	EndGlobalSection
	GlobalSection(ProjectConfigurationPlatforms) = postSolution
		{57860CA2-0054-465E-BD1E-024FF8D81354}.Debug|Any CPU.ActiveCfg = Debug|Any CPU
		{57860CA2-0054-465E-BD1E-024FF8D81354}.Debug|Any CPU.Build.0 = Debug|Any CPU
		{57860CA2-0054-465E-BD1E-024FF8D81354}.Debug|x64.ActiveCfg = Debug|Any CPU
		{57860CA2-0054-465E-BD1E-024FF8D81354}.Debug|x64.Build.0 = Debug|Any CPU
		{57860CA2-0054-465E-BD1E-024FF8D81354}.Debug|x86.ActiveCfg = Debug|Any CPU
		{57860CA2-0054-465E-BD1E-024FF8D81354}.Debug|x86.Build.0 = Debug|Any CPU
		{57860CA2-0054-465E-BD1E-024FF8D81354}.Release|Any CPU.ActiveCfg = Release|Any CPU
		{57860CA2-0054-465E-BD1E-024FF8D81354}.Release|Any CPU.Build.0 = Release|Any CPU
		{57860CA2-0054-465E-BD1E-024FF8D81354}.Release|x64.ActiveCfg = Release|Any CPU
		{57860CA2-0054-465E-BD1E-024FF8D81354}.Release|x64.Build.0 = Release|Any CPU
		{57860CA2-0054-465E-BD1E-024FF8D81354}.Release|x86.ActiveCfg = Release|Any CPU
		{57860CA2-0054-465E-BD1E-024FF8D81354}.Release|x86.Build.0 = Release|Any CPU
		{FE64EA2A-841F-49D7-94C6-BB7E50FC972D}.Debug|Any CPU.ActiveCfg = Debug|Any CPU
		{FE64EA2A-841F-49D7-94C6-BB7E50FC972D}.Debug|Any CPU.Build.0 = Debug|Any CPU
		{FE64EA2A-841F-49D7-94C6-BB7E50FC972D}.Debug|x64.ActiveCfg = Debug|Any CPU
		{FE64EA2A-841F-49D7-94C6-BB7E50FC972D}.Debug|x64.Build.0 = Debug|Any CPU
		{FE64EA2A-841F-49D7-94C6-BB7E50FC972D}.Debug|x86.ActiveCfg = Debug|Any CPU
		{FE64EA2A-841F-49D7-94C6-BB7E50FC972D}.Debug|x86.Build.0 = Debug|Any CPU
		{FE64EA2A-841F-49D7-94C6-BB7E50FC972D}.Release|Any CPU.ActiveCfg = Release|Any CPU
		{FE64EA2A-841F-49D7-94C6-BB7E50FC972D}.Release|Any CPU.Build.0 = Release|Any CPU
		{FE64EA2A-841F-49D7-94C6-BB7E50FC972D}.Release|x64.ActiveCfg = Release|Any CPU
		{FE64EA2A-841F-49D7-94C6-BB7E50FC972D}.Release|x64.Build.0 = Release|Any CPU
		{FE64EA2A-841F-49D7-94C6-BB7E50FC972D}.Release|x86.ActiveCfg = Release|Any CPU
		{FE64EA2A-841F-49D7-94C6-BB7E50FC972D}.Release|x86.Build.0 = Release|Any CPU
		{8CA6707B-A381-4131-909F-50D592953588}.Debug|Any CPU.ActiveCfg = Debug|Any CPU
		{8CA6707B-A381-4131-909F-50D592953588}.Debug|Any CPU.Build.0 = Debug|Any CPU
		{8CA6707B-A381-4131-909F-50D592953588}.Debug|x64.ActiveCfg = Debug|Any CPU
		{8CA6707B-A381-4131-909F-50D592953588}.Debug|x64.Build.0 = Debug|Any CPU
		{8CA6707B-A381-4131-909F-50D592953588}.Debug|x86.ActiveCfg = Debug|Any CPU
		{8CA6707B-A381-4131-909F-50D592953588}.Debug|x86.Build.0 = Debug|Any CPU
		{8CA6707B-A381-4131-909F-50D592953588}.Release|Any CPU.ActiveCfg = Release|Any CPU
		{8CA6707B-A381-4131-909F-50D592953588}.Release|Any CPU.Build.0 = Release|Any CPU
		{8CA6707B-A381-4131-909F-50D592953588}.Release|x64.ActiveCfg = Release|Any CPU
		{8CA6707B-A381-4131-909F-50D592953588}.Release|x64.Build.0 = Release|Any CPU
		{8CA6707B-A381-4131-909F-50D592953588}.Release|x86.ActiveCfg = Release|Any CPU
		{8CA6707B-A381-4131-909F-50D592953588}.Release|x86.Build.0 = Release|Any CPU
		{AB306D1E-2942-4297-ACC3-2975FB8BF18F}.Debug|Any CPU.ActiveCfg = Debug|Any CPU
		{AB306D1E-2942-4297-ACC3-2975FB8BF18F}.Debug|Any CPU.Build.0 = Debug|Any CPU
		{AB306D1E-2942-4297-ACC3-2975FB8BF18F}.Debug|x64.ActiveCfg = Debug|Any CPU
		{AB306D1E-2942-4297-ACC3-2975FB8BF18F}.Debug|x64.Build.0 = Debug|Any CPU
		{AB306D1E-2942-4297-ACC3-2975FB8BF18F}.Debug|x86.ActiveCfg = Debug|Any CPU
		{AB306D1E-2942-4297-ACC3-2975FB8BF18F}.Debug|x86.Build.0 = Debug|Any CPU
		{AB306D1E-2942-4297-ACC3-2975FB8BF18F}.Release|Any CPU.ActiveCfg = Release|Any CPU
		{AB306D1E-2942-4297-ACC3-2975FB8BF18F}.Release|Any CPU.Build.0 = Release|Any CPU
		{AB306D1E-2942-4297-ACC3-2975FB8BF18F}.Release|x64.ActiveCfg = Release|Any CPU
		{AB306D1E-2942-4297-ACC3-2975FB8BF18F}.Release|x64.Build.0 = Release|Any CPU
		{AB306D1E-2942-4297-ACC3-2975FB8BF18F}.Release|x86.ActiveCfg = Release|Any CPU
		{AB306D1E-2942-4297-ACC3-2975FB8BF18F}.Release|x86.Build.0 = Release|Any CPU
		{F1E80A4A-241C-496D-92D6-B047A0EAF030}.Debug|Any CPU.ActiveCfg = Debug|Any CPU
		{F1E80A4A-241C-496D-92D6-B047A0EAF030}.Debug|Any CPU.Build.0 = Debug|Any CPU
		{F1E80A4A-241C-496D-92D6-B047A0EAF030}.Debug|x64.ActiveCfg = Debug|Any CPU
		{F1E80A4A-241C-496D-92D6-B047A0EAF030}.Debug|x64.Build.0 = Debug|Any CPU
		{F1E80A4A-241C-496D-92D6-B047A0EAF030}.Debug|x86.ActiveCfg = Debug|Any CPU
		{F1E80A4A-241C-496D-92D6-B047A0EAF030}.Debug|x86.Build.0 = Debug|Any CPU
		{F1E80A4A-241C-496D-92D6-B047A0EAF030}.Release|Any CPU.ActiveCfg = Release|Any CPU
		{F1E80A4A-241C-496D-92D6-B047A0EAF030}.Release|Any CPU.Build.0 = Release|Any CPU
		{F1E80A4A-241C-496D-92D6-B047A0EAF030}.Release|x64.ActiveCfg = Release|Any CPU
		{F1E80A4A-241C-496D-92D6-B047A0EAF030}.Release|x64.Build.0 = Release|Any CPU
		{F1E80A4A-241C-496D-92D6-B047A0EAF030}.Release|x86.ActiveCfg = Release|Any CPU
		{F1E80A4A-241C-496D-92D6-B047A0EAF030}.Release|x86.Build.0 = Release|Any CPU
	EndGlobalSection
	GlobalSection(NestedProjects) = preSolution
		{57860CA2-0054-465E-BD1E-024FF8D81354} = {56555FB0-B513-49EF-9002-A5AF135EA090}
		{FE64EA2A-841F-49D7-94C6-BB7E50FC972D} = {FC89E9B9-1723-4328-B6F1-00EE62E6260F}
		{8CA6707B-A381-4131-909F-50D592953588} = {56555FB0-B513-49EF-9002-A5AF135EA090}
		{AB306D1E-2942-4297-ACC3-2975FB8BF18F} = {56555FB0-B513-49EF-9002-A5AF135EA090}
		{F1E80A4A-241C-496D-92D6-B047A0EAF030} = {56555FB0-B513-49EF-9002-A5AF135EA090}
	EndGlobalSection
EndGlobal
